
Microsoft Visual Studio Solution File, Format Version 12.00
# Visual Studio Version 16
VisualStudioVersion = 16.0.31025.194
MinimumVisualStudioVersion = 10.0.40219.1
Project("{9A19103F-16F7-4668-BE54-9A1E7A4F7556}") = "SimpleHttp", "SimpleHttp\SimpleHttp.csproj", "{64C0B6A6-A09C-483D-9BD6-5FFF3E0A5F9B}"
EndProject
Project("{2150E333-8FDC-42A3-9474-1A3956D46DE8}") = "Solution Files", "Solution Files", "{1CE01F6C-8826-47F5-84C1-888FA93CF475}"
	ProjectSection(SolutionItems) = preProject
		.dockerignore = .dockerignore
		.gitattributes = .gitattributes
		.gitignore = .gitignore
		LICENSE = LICENSE
		README.md = README.md
	EndProjectSection
EndProject
Project("{E53339B2-1760-4266-BCC7-CA923CBCF16C}") = "docker-compose", "docker-compose.dcproj", "{168C4333-A77E-4E2C-9FFB-96CE3E4E8E68}"
EndProject
Global
	GlobalSection(SolutionConfigurationPlatforms) = preSolution
		Debug|Any CPU = Debug|Any CPU
		Release|Any CPU = Release|Any CPU
	EndGlobalSection
	GlobalSection(ProjectConfigurationPlatforms) = postSolution
		{64C0B6A6-A09C-483D-9BD6-5FFF3E0A5F9B}.Debug|Any CPU.ActiveCfg = Debug|Any CPU
		{64C0B6A6-A09C-483D-9BD6-5FFF3E0A5F9B}.Debug|Any CPU.Build.0 = Debug|Any CPU
		{64C0B6A6-A09C-483D-9BD6-5FFF3E0A5F9B}.Release|Any CPU.ActiveCfg = Release|Any CPU
		{64C0B6A6-A09C-483D-9BD6-5FFF3E0A5F9B}.Release|Any CPU.Build.0 = Release|Any CPU
		{168C4333-A77E-4E2C-9FFB-96CE3E4E8E68}.Debug|Any CPU.ActiveCfg = Debug|Any CPU
		{168C4333-A77E-4E2C-9FFB-96CE3E4E8E68}.Debug|Any CPU.Build.0 = Debug|Any CPU
		{168C4333-A77E-4E2C-9FFB-96CE3E4E8E68}.Release|Any CPU.ActiveCfg = Release|Any CPU
		{168C4333-A77E-4E2C-9FFB-96CE3E4E8E68}.Release|Any CPU.Build.0 = Release|Any CPU
	EndGlobalSection
	GlobalSection(SolutionProperties) = preSolution
		HideSolutionNode = FALSE
	EndGlobalSection
	GlobalSection(ExtensibilityGlobals) = postSolution
		SolutionGuid = {8064BDEF-8964-4AE9-8737-ABAFC6ECF422}
	EndGlobalSection
EndGlobal
